
Microsoft Visual Studio Solution File, Format Version 12.00
# Visual Studio Version 17
VisualStudioVersion = 17.4.33110.190
MinimumVisualStudioVersion = 10.0.40219.1
Project("{888888A0-9F3D-457C-B088-3A5042F75D52}") = "PythonGraphingCalculator", "PythonGraphingCalculator.pyproj", "{40B85520-9D12-4FE1-ACCD-AA882B16147E}"
EndProject
Global
	GlobalSection(SolutionConfigurationPlatforms) = preSolution
		Debug|Any CPU = Debug|Any CPU
		Release|Any CPU = Release|Any CPU
	EndGlobalSection
	GlobalSection(ProjectConfigurationPlatforms) = postSolution
		{40B85520-9D12-4FE1-ACCD-AA882B16147E}.Debug|Any CPU.ActiveCfg = Debug|Any CPU
		{40B85520-9D12-4FE1-ACCD-AA882B16147E}.Release|Any CPU.ActiveCfg = Release|Any CPU
	EndGlobalSection
	GlobalSection(SolutionProperties) = preSolution
		HideSolutionNode = FALSE
	EndGlobalSection
	GlobalSection(ExtensibilityGlobals) = postSolution
		SolutionGuid = {D5F9E4FC-53C1-464F-9812-742C81C0F903}
	EndGlobalSection
EndGlobal
